
Microsoft Visual Studio Solution File, Format Version 12.00
# Visual Studio Version 17
VisualStudioVersion = 17.0.31825.309
MinimumVisualStudioVersion = 10.0.40219.1
Project("{9A19103F-16F7-4668-BE54-9A1E7A4F7556}") = "CourseSchedule.API", "CourseSchedule.API\CourseSchedule.API.csproj", "{DC90C62C-1C34-4BD9-8EA0-E947BCD7CAF1}"
EndProject
Project("{E53339B2-1760-4266-BCC7-CA923CBCF16C}") = "docker-compose", "docker-compose.dcproj", "{13BB9864-4CC4-44DE-96FB-80F41693A6B8}"
EndProject
Project("{2150E333-8FDC-42A3-9474-1A3956D46DE8}") = "Solution Items", "Solution Items", "{ACBEB8DB-F26C-4E44-B7F5-E371FF24D77B}"
	ProjectSection(SolutionItems) = preProject
		.editorconfig = .editorconfig
		.env = .env
		.gitignore = .gitignore
		.github\workflows\main.yml = .github\workflows\main.yml
		README.md = README.md
	EndProjectSection
EndProject
Project("{9A19103F-16F7-4668-BE54-9A1E7A4F7556}") = "CourseSchedule.Core", "CourseSchedule.Core\CourseSchedule.Core.csproj", "{8808DD38-B319-400D-91B7-55ED3FCA3D2C}"
EndProject
Project("{FAE04EC0-301F-11D3-BF4B-00C04F79EFBC}") = "CourseSchedule.UnitTests", "CourseSchedule.UnitTests\CourseSchedule.UnitTests.csproj", "{0EABC1A8-FC2B-4053-A129-2CB939BD2ABC}"
EndProject
Project("{FAE04EC0-301F-11D3-BF4B-00C04F79EFBC}") = "CourseSchedule.Models", "CourseSchedule.Models\CourseSchedule.Models.csproj", "{E07683F4-900F-496D-BB61-E5B33D2A745A}"
EndProject
Global
	GlobalSection(SolutionConfigurationPlatforms) = preSolution
		Debug|Any CPU = Debug|Any CPU
		Release|Any CPU = Release|Any CPU
	EndGlobalSection
	GlobalSection(ProjectConfigurationPlatforms) = postSolution
		{DC90C62C-1C34-4BD9-8EA0-E947BCD7CAF1}.Debug|Any CPU.ActiveCfg = Debug|Any CPU
		{DC90C62C-1C34-4BD9-8EA0-E947BCD7CAF1}.Debug|Any CPU.Build.0 = Debug|Any CPU
		{DC90C62C-1C34-4BD9-8EA0-E947BCD7CAF1}.Release|Any CPU.ActiveCfg = Release|Any CPU
		{DC90C62C-1C34-4BD9-8EA0-E947BCD7CAF1}.Release|Any CPU.Build.0 = Release|Any CPU
		{13BB9864-4CC4-44DE-96FB-80F41693A6B8}.Debug|Any CPU.ActiveCfg = Debug|Any CPU
		{13BB9864-4CC4-44DE-96FB-80F41693A6B8}.Debug|Any CPU.Build.0 = Debug|Any CPU
		{13BB9864-4CC4-44DE-96FB-80F41693A6B8}.Release|Any CPU.ActiveCfg = Release|Any CPU
		{13BB9864-4CC4-44DE-96FB-80F41693A6B8}.Release|Any CPU.Build.0 = Release|Any CPU
		{8808DD38-B319-400D-91B7-55ED3FCA3D2C}.Debug|Any CPU.ActiveCfg = Debug|Any CPU
		{8808DD38-B319-400D-91B7-55ED3FCA3D2C}.Debug|Any CPU.Build.0 = Debug|Any CPU
		{8808DD38-B319-400D-91B7-55ED3FCA3D2C}.Release|Any CPU.ActiveCfg = Release|Any CPU
		{8808DD38-B319-400D-91B7-55ED3FCA3D2C}.Release|Any CPU.Build.0 = Release|Any CPU
		{0EABC1A8-FC2B-4053-A129-2CB939BD2ABC}.Debug|Any CPU.ActiveCfg = Debug|Any CPU
		{0EABC1A8-FC2B-4053-A129-2CB939BD2ABC}.Debug|Any CPU.Build.0 = Debug|Any CPU
		{0EABC1A8-FC2B-4053-A129-2CB939BD2ABC}.Release|Any CPU.ActiveCfg = Release|Any CPU
		{0EABC1A8-FC2B-4053-A129-2CB939BD2ABC}.Release|Any CPU.Build.0 = Release|Any CPU
		{E07683F4-900F-496D-BB61-E5B33D2A745A}.Debug|Any CPU.ActiveCfg = Debug|Any CPU
		{E07683F4-900F-496D-BB61-E5B33D2A745A}.Debug|Any CPU.Build.0 = Debug|Any CPU
		{E07683F4-900F-496D-BB61-E5B33D2A745A}.Release|Any CPU.ActiveCfg = Release|Any CPU
		{E07683F4-900F-496D-BB61-E5B33D2A745A}.Release|Any CPU.Build.0 = Release|Any CPU
	EndGlobalSection
	GlobalSection(SolutionProperties) = preSolution
		HideSolutionNode = FALSE
	EndGlobalSection
	GlobalSection(ExtensibilityGlobals) = postSolution
		SolutionGuid = {41ED736F-6BD7-42A8-A844-71DBAD112117}
	EndGlobalSection
EndGlobal
